
Microsoft Visual Studio Solution File, Format Version 12.00
Project("{FAE04EC0-301F-11D3-BF4B-00C04F79EFBC}") = "MyWiki", "MyWiki\MyWiki.csproj", "{210065E2-0041-4CD5-8C26-C488D2CDF37B}"
EndProject
Global
	GlobalSection(SolutionConfigurationPlatforms) = preSolution
		Debug|Any CPU = Debug|Any CPU
		Release|Any CPU = Release|Any CPU
	EndGlobalSection
	GlobalSection(ProjectConfigurationPlatforms) = postSolution
		{210065E2-0041-4CD5-8C26-C488D2CDF37B}.Debug|Any CPU.ActiveCfg = Debug|Any CPU
		{210065E2-0041-4CD5-8C26-C488D2CDF37B}.Debug|Any CPU.Build.0 = Debug|Any CPU
		{210065E2-0041-4CD5-8C26-C488D2CDF37B}.Release|Any CPU.ActiveCfg = Release|Any CPU
		{210065E2-0041-4CD5-8C26-C488D2CDF37B}.Release|Any CPU.Build.0 = Release|Any CPU
	EndGlobalSection
EndGlobal
